// !$*UTF8*$!
{
	archiveVersion = 1;
	classes = {
	};
	objectVersion = 50;
	objects = {

/* Begin PBXBuildFile section */
		CA11D22026EE4B3B007C7E93 /* WeatherQueue.swift in Sources */ = {isa = PBXBuildFile; fileRef = CA11D21F26EE4B3B007C7E93 /* WeatherQueue.swift */; };
		CA207290271C9FEA00710EC5 /* BlurHashDecode.swift in Sources */ = {isa = PBXBuildFile; fileRef = CA20728F271C9FEA00710EC5 /* BlurHashDecode.swift */; };
		CA2DC32227017EA50093FB36 /* ThreadSafeArray.swift in Sources */ = {isa = PBXBuildFile; fileRef = CA2DC32127017EA50093FB36 /* ThreadSafeArray.swift */; };
		CA32FC002705A1E90008D3D9 /* ImageGenerator.swift in Sources */ = {isa = PBXBuildFile; fileRef = CA32FBFF2705A1E90008D3D9 /* ImageGenerator.swift */; };
		CA46F3942733045200D22EB3 /* Locations.sqlite in Resources */ = {isa = PBXBuildFile; fileRef = CA46F3932733045200D22EB3 /* Locations.sqlite */; };
		CA535C8326F2535100BD48BC /* Extensions.swift in Sources */ = {isa = PBXBuildFile; fileRef = CA535C8226F2535100BD48BC /* Extensions.swift */; };
		CA535C8B26F2578E00BD48BC /* Session.swift in Sources */ = {isa = PBXBuildFile; fileRef = CA535C8A26F2578E00BD48BC /* Session.swift */; };
		CA5EF3492728680500476DD3 /* AppSettingsService.swift in Sources */ = {isa = PBXBuildFile; fileRef = CA5EF3482728680500476DD3 /* AppSettingsService.swift */; };
		CA83676126EDC7B70098C709 /* Global.swift in Sources */ = {isa = PBXBuildFile; fileRef = CA83676026EDC7B70098C709 /* Global.swift */; };
		CA83676426EDC9560098C709 /* RandomLocationFetcher.swift in Sources */ = {isa = PBXBuildFile; fileRef = CA83676326EDC9560098C709 /* RandomLocationFetcher.swift */; };
		CA83676A26EDCBC00098C709 /* WeatherModel.swift in Sources */ = {isa = PBXBuildFile; fileRef = CA83676926EDCBC00098C709 /* WeatherModel.swift */; };
		CA935949271F0FF000F168F3 /* BackgroundView.swift in Sources */ = {isa = PBXBuildFile; fileRef = CA935948271F0FF000F168F3 /* BackgroundView.swift */; };
		CA9DA311272594BE00AF717D /* SettingsView.swift in Sources */ = {isa = PBXBuildFile; fileRef = CA9DA310272594BE00AF717D /* SettingsView.swift */; };
		CAAA16B627031D61003771D9 /* WeatherHeadingView.swift in Sources */ = {isa = PBXBuildFile; fileRef = CAAA16B527031D61003771D9 /* WeatherHeadingView.swift */; };
		CAB6233526EDA8BF00E85106 /* ElseweatherApp.swift in Sources */ = {isa = PBXBuildFile; fileRef = CAB6233426EDA8BF00E85106 /* ElseweatherApp.swift */; };
		CAB6233926EDA8C500E85106 /* Assets.xcassets in Resources */ = {isa = PBXBuildFile; fileRef = CAB6233826EDA8C500E85106 /* Assets.xcassets */; };
		CAB6233C26EDA8C500E85106 /* Preview Assets.xcassets in Resources */ = {isa = PBXBuildFile; fileRef = CAB6233B26EDA8C500E85106 /* Preview Assets.xcassets */; };
		CAC9543527037A270015BBE1 /* WeatherCoordinatesView.swift in Sources */ = {isa = PBXBuildFile; fileRef = CAC9543427037A270015BBE1 /* WeatherCoordinatesView.swift */; };
		CAC9543727037EA60015BBE1 /* WeatherDetailsView.swift in Sources */ = {isa = PBXBuildFile; fileRef = CAC9543627037EA60015BBE1 /* WeatherDetailsView.swift */; };
		CAC95439270380D20015BBE1 /* WeatherViewModel.swift in Sources */ = {isa = PBXBuildFile; fileRef = CAC95438270380D20015BBE1 /* WeatherViewModel.swift */; };
		CAC9543B2703854D0015BBE1 /* WeatherViewModelFactory.swift in Sources */ = {isa = PBXBuildFile; fileRef = CAC9543A2703854D0015BBE1 /* WeatherViewModelFactory.swift */; };
		CAC9543D270393BD0015BBE1 /* IndexView.swift in Sources */ = {isa = PBXBuildFile; fileRef = CAC9543C270393BD0015BBE1 /* IndexView.swift */; };
		CAC9543F27039BD60015BBE1 /* WeatherWindView.swift in Sources */ = {isa = PBXBuildFile; fileRef = CAC9543E27039BD60015BBE1 /* WeatherWindView.swift */; };
		CAC954432703A2100015BBE1 /* WeatherDateTimeView.swift in Sources */ = {isa = PBXBuildFile; fileRef = CAC954422703A2100015BBE1 /* WeatherDateTimeView.swift */; };
		CAD2F3D627207CAF00975226 /* LocationFetcher.swift in Sources */ = {isa = PBXBuildFile; fileRef = CAD2F3D527207CAF00975226 /* LocationFetcher.swift */; };
		CAD416E627030B57009516D6 /* ElseweatherView.swift in Sources */ = {isa = PBXBuildFile; fileRef = CAD416E527030B57009516D6 /* ElseweatherView.swift */; };
		CAD416E827030BAB009516D6 /* WeatherView.swift in Sources */ = {isa = PBXBuildFile; fileRef = CAD416E727030BAB009516D6 /* WeatherView.swift */; };
		CAD416EA27030C5C009516D6 /* WeatherDataView.swift in Sources */ = {isa = PBXBuildFile; fileRef = CAD416E927030C5C009516D6 /* WeatherDataView.swift */; };
		CAD416EC270315DD009516D6 /* ViewStyles.swift in Sources */ = {isa = PBXBuildFile; fileRef = CAD416EB270315DD009516D6 /* ViewStyles.swift */; };
		CAD8A962271DE79D0036EAB2 /* Config.swift in Sources */ = {isa = PBXBuildFile; fileRef = CAD8A961271DE79D0036EAB2 /* Config.swift */; };
		CAFC958E26EE272000ABF8EE /* WeatherFetcher.swift in Sources */ = {isa = PBXBuildFile; fileRef = CAFC958D26EE272000ABF8EE /* WeatherFetcher.swift */; };
/* End PBXBuildFile section */

/* Begin PBXFileReference section */
		CA11D21F26EE4B3B007C7E93 /* WeatherQueue.swift */ = {isa = PBXFileReference; lastKnownFileType = sourcecode.swift; path = WeatherQueue.swift; sourceTree = "<group>"; };
		CA20728F271C9FEA00710EC5 /* BlurHashDecode.swift */ = {isa = PBXFileReference; lastKnownFileType = sourcecode.swift; path = BlurHashDecode.swift; sourceTree = "<group>"; };
		CA2DC32127017EA50093FB36 /* ThreadSafeArray.swift */ = {isa = PBXFileReference; lastKnownFileType = sourcecode.swift; path = ThreadSafeArray.swift; sourceTree = "<group>"; };
		CA32FBFF2705A1E90008D3D9 /* ImageGenerator.swift */ = {isa = PBXFileReference; lastKnownFileType = sourcecode.swift; path = ImageGenerator.swift; sourceTree = "<group>"; };
		CA46F3932733045200D22EB3 /* Locations.sqlite */ = {isa = PBXFileReference; lastKnownFileType = file; path = Locations.sqlite; sourceTree = "<group>"; };
		CA535C8226F2535100BD48BC /* Extensions.swift */ = {isa = PBXFileReference; lastKnownFileType = sourcecode.swift; path = Extensions.swift; sourceTree = "<group>"; };
		CA535C8A26F2578E00BD48BC /* Session.swift */ = {isa = PBXFileReference; lastKnownFileType = sourcecode.swift; path = Session.swift; sourceTree = "<group>"; };
		CA5EF3482728680500476DD3 /* AppSettingsService.swift */ = {isa = PBXFileReference; lastKnownFileType = sourcecode.swift; path = AppSettingsService.swift; sourceTree = "<group>"; };
		CA83676026EDC7B70098C709 /* Global.swift */ = {isa = PBXFileReference; lastKnownFileType = sourcecode.swift; path = Global.swift; sourceTree = "<group>"; };
		CA83676326EDC9560098C709 /* RandomLocationFetcher.swift */ = {isa = PBXFileReference; lastKnownFileType = sourcecode.swift; path = RandomLocationFetcher.swift; sourceTree = "<group>"; };
		CA83676926EDCBC00098C709 /* WeatherModel.swift */ = {isa = PBXFileReference; lastKnownFileType = sourcecode.swift; path = WeatherModel.swift; sourceTree = "<group>"; };
		CA935948271F0FF000F168F3 /* BackgroundView.swift */ = {isa = PBXFileReference; lastKnownFileType = sourcecode.swift; path = BackgroundView.swift; sourceTree = "<group>"; };
		CA9DA310272594BE00AF717D /* SettingsView.swift */ = {isa = PBXFileReference; lastKnownFileType = sourcecode.swift; path = SettingsView.swift; sourceTree = "<group>"; };
		CAAA16B527031D61003771D9 /* WeatherHeadingView.swift */ = {isa = PBXFileReference; lastKnownFileType = sourcecode.swift; path = WeatherHeadingView.swift; sourceTree = "<group>"; };
		CAB6233126EDA8BF00E85106 /* Elseweather.app */ = {isa = PBXFileReference; explicitFileType = wrapper.application; includeInIndex = 0; path = Elseweather.app; sourceTree = BUILT_PRODUCTS_DIR; };
		CAB6233426EDA8BF00E85106 /* ElseweatherApp.swift */ = {isa = PBXFileReference; lastKnownFileType = sourcecode.swift; path = ElseweatherApp.swift; sourceTree = "<group>"; };
		CAB6233826EDA8C500E85106 /* Assets.xcassets */ = {isa = PBXFileReference; lastKnownFileType = folder.assetcatalog; path = Assets.xcassets; sourceTree = "<group>"; };
		CAB6233B26EDA8C500E85106 /* Preview Assets.xcassets */ = {isa = PBXFileReference; lastKnownFileType = folder.assetcatalog; path = "Preview Assets.xcassets"; sourceTree = "<group>"; };
		CAB6233D26EDA8C500E85106 /* Info.plist */ = {isa = PBXFileReference; lastKnownFileType = text.plist.xml; path = Info.plist; sourceTree = "<group>"; };
		CAC9543427037A270015BBE1 /* WeatherCoordinatesView.swift */ = {isa = PBXFileReference; lastKnownFileType = sourcecode.swift; path = WeatherCoordinatesView.swift; sourceTree = "<group>"; };
		CAC9543627037EA60015BBE1 /* WeatherDetailsView.swift */ = {isa = PBXFileReference; lastKnownFileType = sourcecode.swift; path = WeatherDetailsView.swift; sourceTree = "<group>"; };
		CAC95438270380D20015BBE1 /* WeatherViewModel.swift */ = {isa = PBXFileReference; lastKnownFileType = sourcecode.swift; path = WeatherViewModel.swift; sourceTree = "<group>"; };
		CAC9543A2703854D0015BBE1 /* WeatherViewModelFactory.swift */ = {isa = PBXFileReference; lastKnownFileType = sourcecode.swift; path = WeatherViewModelFactory.swift; sourceTree = "<group>"; };
		CAC9543C270393BD0015BBE1 /* IndexView.swift */ = {isa = PBXFileReference; lastKnownFileType = sourcecode.swift; path = IndexView.swift; sourceTree = "<group>"; };
		CAC9543E27039BD60015BBE1 /* WeatherWindView.swift */ = {isa = PBXFileReference; lastKnownFileType = sourcecode.swift; path = WeatherWindView.swift; sourceTree = "<group>"; };
		CAC954422703A2100015BBE1 /* WeatherDateTimeView.swift */ = {isa = PBXFileReference; lastKnownFileType = sourcecode.swift; path = WeatherDateTimeView.swift; sourceTree = "<group>"; };
		CAD2F3D527207CAF00975226 /* LocationFetcher.swift */ = {isa = PBXFileReference; lastKnownFileType = sourcecode.swift; path = LocationFetcher.swift; sourceTree = "<group>"; };
		CAD416E527030B57009516D6 /* ElseweatherView.swift */ = {isa = PBXFileReference; lastKnownFileType = sourcecode.swift; path = ElseweatherView.swift; sourceTree = "<group>"; };
		CAD416E727030BAB009516D6 /* WeatherView.swift */ = {isa = PBXFileReference; lastKnownFileType = sourcecode.swift; path = WeatherView.swift; sourceTree = "<group>"; };
		CAD416E927030C5C009516D6 /* WeatherDataView.swift */ = {isa = PBXFileReference; lastKnownFileType = sourcecode.swift; path = WeatherDataView.swift; sourceTree = "<group>"; };
		CAD416EB270315DD009516D6 /* ViewStyles.swift */ = {isa = PBXFileReference; lastKnownFileType = sourcecode.swift; path = ViewStyles.swift; sourceTree = "<group>"; };
		CAD8A961271DE79D0036EAB2 /* Config.swift */ = {isa = PBXFileReference; lastKnownFileType = sourcecode.swift; path = Config.swift; sourceTree = "<group>"; };
		CAFC958D26EE272000ABF8EE /* WeatherFetcher.swift */ = {isa = PBXFileReference; lastKnownFileType = sourcecode.swift; path = WeatherFetcher.swift; sourceTree = "<group>"; };
/* End PBXFileReference section */

/* Begin PBXFrameworksBuildPhase section */
		CAB6232E26EDA8BE00E85106 /* Frameworks */ = {
			isa = PBXFrameworksBuildPhase;
			buildActionMask = 2147483647;
			files = (
			);
			runOnlyForDeploymentPostprocessing = 0;
		};
/* End PBXFrameworksBuildPhase section */

/* Begin PBXGroup section */
		CA207291271CA01800710EC5 /* BlurHash */ = {
			isa = PBXGroup;
			children = (
				CA20728F271C9FEA00710EC5 /* BlurHashDecode.swift */,
			);
			path = BlurHash;
			sourceTree = "<group>";
		};
		CA30C3C327043336005CC7D6 /* ViewModelFactories */ = {
			isa = PBXGroup;
			children = (
				CAC9543A2703854D0015BBE1 /* WeatherViewModelFactory.swift */,
			);
			path = ViewModelFactories;
			sourceTree = "<group>";
		};
		CA30C3C42704335A005CC7D6 /* ViewModels */ = {
			isa = PBXGroup;
			children = (
				CAC95438270380D20015BBE1 /* WeatherViewModel.swift */,
			);
			path = ViewModels;
			sourceTree = "<group>";
		};
		CA3FC62F26EDB7B2000987C5 /* Data */ = {
			isa = PBXGroup;
			children = (
				CA46F3932733045200D22EB3 /* Locations.sqlite */,
			);
			path = Data;
			sourceTree = "<group>";
		};
		CA535C8426F2535A00BD48BC /* Extensions */ = {
			isa = PBXGroup;
			children = (
				CA535C8226F2535100BD48BC /* Extensions.swift */,
			);
			path = Extensions;
			sourceTree = "<group>";
		};
		CA593A9D2725CCFA000264B0 /* Settings */ = {
			isa = PBXGroup;
			children = (
				CA9DA310272594BE00AF717D /* SettingsView.swift */,
			);
			path = Settings;
			sourceTree = "<group>";
		};
		CA71A06826EDB1AF00831014 /* Resources */ = {
			isa = PBXGroup;
			children = (
				CAB6233826EDA8C500E85106 /* Assets.xcassets */,
				CAB6233D26EDA8C500E85106 /* Info.plist */,
			);
			path = Resources;
			sourceTree = "<group>";
		};
		CA83676226EDC8F90098C709 /* Global */ = {
			isa = PBXGroup;
			children = (
				CA83676026EDC7B70098C709 /* Global.swift */,
				CAD8A961271DE79D0036EAB2 /* Config.swift */,
				CA535C8A26F2578E00BD48BC /* Session.swift */,
			);
			path = Global;
			sourceTree = "<group>";
		};
		CA83676526EDC95C0098C709 /* Services */ = {
			isa = PBXGroup;
			children = (
				CA11D21F26EE4B3B007C7E93 /* WeatherQueue.swift */,
				CAFC958D26EE272000ABF8EE /* WeatherFetcher.swift */,
				CA83676326EDC9560098C709 /* RandomLocationFetcher.swift */,
				CAD2F3D527207CAF00975226 /* LocationFetcher.swift */,
				CA32FBFF2705A1E90008D3D9 /* ImageGenerator.swift */,
				CA5EF3482728680500476DD3 /* AppSettingsService.swift */,
			);
			path = Services;
			sourceTree = "<group>";
		};
		CA83676B26EDCBCA0098C709 /* Models */ = {
			isa = PBXGroup;
			children = (
				CA83676926EDCBC00098C709 /* WeatherModel.swift */,
			);
			path = Models;
			sourceTree = "<group>";
		};
		CAB6232826EDA8BE00E85106 = {
			isa = PBXGroup;
			children = (
				CAB6233326EDA8BF00E85106 /* Elseweather */,
				CAB6233226EDA8BF00E85106 /* Products */,
			);
			sourceTree = "<group>";
		};
		CAB6233226EDA8BF00E85106 /* Products */ = {
			isa = PBXGroup;
			children = (
				CAB6233126EDA8BF00E85106 /* Elseweather.app */,
			);
			name = Products;
			sourceTree = "<group>";
		};
		CAB6233326EDA8BF00E85106 /* Elseweather */ = {
			isa = PBXGroup;
			children = (
				CAB6233426EDA8BF00E85106 /* ElseweatherApp.swift */,
				CAD416E427030A69009516D6 /* Views */,
				CAD416ED270315E5009516D6 /* ViewStyles */,
				CA30C3C327043336005CC7D6 /* ViewModelFactories */,
				CA30C3C42704335A005CC7D6 /* ViewModels */,
				CA83676526EDC95C0098C709 /* Services */,
				CA83676B26EDCBCA0098C709 /* Models */,
				CA535C8426F2535A00BD48BC /* Extensions */,
				CA3FC62F26EDB7B2000987C5 /* Data */,
				CA83676226EDC8F90098C709 /* Global */,
				CA207291271CA01800710EC5 /* BlurHash */,
				CAD8A960271DE7740036EAB2 /* ThreadSafeArray */,
				CA71A06826EDB1AF00831014 /* Resources */,
				CAB6233A26EDA8C500E85106 /* Preview Content */,
			);
			path = Elseweather;
			sourceTree = "<group>";
		};
		CAB6233A26EDA8C500E85106 /* Preview Content */ = {
			isa = PBXGroup;
			children = (
				CAB6233B26EDA8C500E85106 /* Preview Assets.xcassets */,
			);
			path = "Preview Content";
			sourceTree = "<group>";
		};
		CAC954442703A2EC0015BBE1 /* Weather */ = {
			isa = PBXGroup;
			children = (
				CAD3631027248B9E009FF2DC /* WeatherSubViews */,
				CAD416E727030BAB009516D6 /* WeatherView.swift */,
			);
			path = Weather;
			sourceTree = "<group>";
		};
		CAD3631027248B9E009FF2DC /* WeatherSubViews */ = {
			isa = PBXGroup;
			children = (
				CAD416E927030C5C009516D6 /* WeatherDataView.swift */,
				CAAA16B527031D61003771D9 /* WeatherHeadingView.swift */,
				CAC9543427037A270015BBE1 /* WeatherCoordinatesView.swift */,
				CAC9543627037EA60015BBE1 /* WeatherDetailsView.swift */,
				CAC9543E27039BD60015BBE1 /* WeatherWindView.swift */,
				CAC954422703A2100015BBE1 /* WeatherDateTimeView.swift */,
				CAC9543C270393BD0015BBE1 /* IndexView.swift */,
				CA935948271F0FF000F168F3 /* BackgroundView.swift */,
			);
			path = WeatherSubViews;
			sourceTree = "<group>";
		};
		CAD416E427030A69009516D6 /* Views */ = {
			isa = PBXGroup;
			children = (
				CA593A9D2725CCFA000264B0 /* Settings */,
				CAC954442703A2EC0015BBE1 /* Weather */,
				CAD416E527030B57009516D6 /* ElseweatherView.swift */,
			);
			path = Views;
			sourceTree = "<group>";
		};
		CAD416ED270315E5009516D6 /* ViewStyles */ = {
			isa = PBXGroup;
			children = (
				CAD416EB270315DD009516D6 /* ViewStyles.swift */,
			);
			path = ViewStyles;
			sourceTree = "<group>";
		};
		CAD8A960271DE7740036EAB2 /* ThreadSafeArray */ = {
			isa = PBXGroup;
			children = (
				CA2DC32127017EA50093FB36 /* ThreadSafeArray.swift */,
			);
			path = ThreadSafeArray;
			sourceTree = "<group>";
		};
/* End PBXGroup section */

/* Begin PBXNativeTarget section */
		CAB6233026EDA8BE00E85106 /* Elseweather */ = {
			isa = PBXNativeTarget;
			buildConfigurationList = CAB6234026EDA8C500E85106 /* Build configuration list for PBXNativeTarget "Elseweather" */;
			buildPhases = (
				CAB6232D26EDA8BE00E85106 /* Sources */,
				CAB6232E26EDA8BE00E85106 /* Frameworks */,
				CAB6232F26EDA8BE00E85106 /* Resources */,
			);
			buildRules = (
			);
			dependencies = (
			);
			name = Elseweather;
			packageProductDependencies = (
			);
			productName = Elseweather;
			productReference = CAB6233126EDA8BF00E85106 /* Elseweather.app */;
			productType = "com.apple.product-type.application";
		};
/* End PBXNativeTarget section */

/* Begin PBXProject section */
		CAB6232926EDA8BE00E85106 /* Project object */ = {
			isa = PBXProject;
			attributes = {
				LastSwiftUpdateCheck = 1250;
				LastUpgradeCheck = 1250;
				TargetAttributes = {
					CAB6233026EDA8BE00E85106 = {
						CreatedOnToolsVersion = 12.5;
					};
				};
			};
			buildConfigurationList = CAB6232C26EDA8BE00E85106 /* Build configuration list for PBXProject "Elseweather" */;
			compatibilityVersion = "Xcode 9.3";
			developmentRegion = en;
			hasScannedForEncodings = 0;
			knownRegions = (
				en,
				Base,
			);
			mainGroup = CAB6232826EDA8BE00E85106;
			packageReferences = (
			);
			productRefGroup = CAB6233226EDA8BF00E85106 /* Products */;
			projectDirPath = "";
			projectRoot = "";
			targets = (
				CAB6233026EDA8BE00E85106 /* Elseweather */,
			);
		};
/* End PBXProject section */

/* Begin PBXResourcesBuildPhase section */
		CAB6232F26EDA8BE00E85106 /* Resources */ = {
			isa = PBXResourcesBuildPhase;
			buildActionMask = 2147483647;
			files = (
				CAB6233C26EDA8C500E85106 /* Preview Assets.xcassets in Resources */,
				CAB6233926EDA8C500E85106 /* Assets.xcassets in Resources */,
				CA46F3942733045200D22EB3 /* Locations.sqlite in Resources */,
			);
			runOnlyForDeploymentPostprocessing = 0;
		};
/* End PBXResourcesBuildPhase section */

/* Begin PBXSourcesBuildPhase section */
		CAB6232D26EDA8BE00E85106 /* Sources */ = {
			isa = PBXSourcesBuildPhase;
			buildActionMask = 2147483647;
			files = (
				CAD2F3D627207CAF00975226 /* LocationFetcher.swift in Sources */,
				CAC9543B2703854D0015BBE1 /* WeatherViewModelFactory.swift in Sources */,
				CA5EF3492728680500476DD3 /* AppSettingsService.swift in Sources */,
				CAC9543F27039BD60015BBE1 /* WeatherWindView.swift in Sources */,
				CAC9543527037A270015BBE1 /* WeatherCoordinatesView.swift in Sources */,
				CAD416E827030BAB009516D6 /* WeatherView.swift in Sources */,
				CAC954432703A2100015BBE1 /* WeatherDateTimeView.swift in Sources */,
				CAD8A962271DE79D0036EAB2 /* Config.swift in Sources */,
				CAD416EA27030C5C009516D6 /* WeatherDataView.swift in Sources */,
				CAD416EC270315DD009516D6 /* ViewStyles.swift in Sources */,
				CAC9543727037EA60015BBE1 /* WeatherDetailsView.swift in Sources */,
				CA2DC32227017EA50093FB36 /* ThreadSafeArray.swift in Sources */,
				CAFC958E26EE272000ABF8EE /* WeatherFetcher.swift in Sources */,
				CAD416E627030B57009516D6 /* ElseweatherView.swift in Sources */,
				CA32FC002705A1E90008D3D9 /* ImageGenerator.swift in Sources */,
				CAB6233526EDA8BF00E85106 /* ElseweatherApp.swift in Sources */,
				CA535C8326F2535100BD48BC /* Extensions.swift in Sources */,
				CA935949271F0FF000F168F3 /* BackgroundView.swift in Sources */,
				CA83676426EDC9560098C709 /* RandomLocationFetcher.swift in Sources */,
				CAC95439270380D20015BBE1 /* WeatherViewModel.swift in Sources */,
				CA207290271C9FEA00710EC5 /* BlurHashDecode.swift in Sources */,
				CA83676126EDC7B70098C709 /* Global.swift in Sources */,
				CA9DA311272594BE00AF717D /* SettingsView.swift in Sources */,
				CA83676A26EDCBC00098C709 /* WeatherModel.swift in Sources */,
				CA11D22026EE4B3B007C7E93 /* WeatherQueue.swift in Sources */,
				CAAA16B627031D61003771D9 /* WeatherHeadingView.swift in Sources */,
				CAC9543D270393BD0015BBE1 /* IndexView.swift in Sources */,
				CA535C8B26F2578E00BD48BC /* Session.swift in Sources */,
			);
			runOnlyForDeploymentPostprocessing = 0;
		};
/* End PBXSourcesBuildPhase section */

/* Begin XCBuildConfiguration section */
		CAB6233E26EDA8C500E85106 /* Debug */ = {
			isa = XCBuildConfiguration;
			buildSettings = {
				ALWAYS_SEARCH_USER_PATHS = NO;
				CLANG_ANALYZER_NONNULL = YES;
				CLANG_ANALYZER_NUMBER_OBJECT_CONVERSION = YES_AGGRESSIVE;
				CLANG_CXX_LANGUAGE_STANDARD = "gnu++14";
				CLANG_CXX_LIBRARY = "libc++";
				CLANG_ENABLE_MODULES = YES;
				CLANG_ENABLE_OBJC_ARC = YES;
				CLANG_ENABLE_OBJC_WEAK = YES;
				CLANG_WARN_BLOCK_CAPTURE_AUTORELEASING = YES;
				CLANG_WARN_BOOL_CONVERSION = YES;
				CLANG_WARN_COMMA = YES;
				CLANG_WARN_CONSTANT_CONVERSION = YES;
				CLANG_WARN_DEPRECATED_OBJC_IMPLEMENTATIONS = YES;
				CLANG_WARN_DIRECT_OBJC_ISA_USAGE = YES_ERROR;
				CLANG_WARN_DOCUMENTATION_COMMENTS = YES;
				CLANG_WARN_EMPTY_BODY = YES;
				CLANG_WARN_ENUM_CONVERSION = YES;
				CLANG_WARN_INFINITE_RECURSION = YES;
				CLANG_WARN_INT_CONVERSION = YES;
				CLANG_WARN_NON_LITERAL_NULL_CONVERSION = YES;
				CLANG_WARN_OBJC_IMPLICIT_RETAIN_SELF = YES;
				CLANG_WARN_OBJC_LITERAL_CONVERSION = YES;
				CLANG_WARN_OBJC_ROOT_CLASS = YES_ERROR;
				CLANG_WARN_QUOTED_INCLUDE_IN_FRAMEWORK_HEADER = YES;
				CLANG_WARN_RANGE_LOOP_ANALYSIS = YES;
				CLANG_WARN_STRICT_PROTOTYPES = YES;
				CLANG_WARN_SUSPICIOUS_MOVE = YES;
				CLANG_WARN_UNGUARDED_AVAILABILITY = YES_AGGRESSIVE;
				CLANG_WARN_UNREACHABLE_CODE = YES;
				CLANG_WARN__DUPLICATE_METHOD_MATCH = YES;
				COPY_PHASE_STRIP = NO;
				DEBUG_INFORMATION_FORMAT = dwarf;
				ENABLE_STRICT_OBJC_MSGSEND = YES;
				ENABLE_TESTABILITY = YES;
				GCC_C_LANGUAGE_STANDARD = gnu11;
				GCC_DYNAMIC_NO_PIC = NO;
				GCC_NO_COMMON_BLOCKS = YES;
				GCC_OPTIMIZATION_LEVEL = 0;
				GCC_PREPROCESSOR_DEFINITIONS = (
					"DEBUG=1",
					"$(inherited)",
				);
				GCC_WARN_64_TO_32_BIT_CONVERSION = YES;
				GCC_WARN_ABOUT_RETURN_TYPE = YES_ERROR;
				GCC_WARN_UNDECLARED_SELECTOR = YES;
				GCC_WARN_UNINITIALIZED_AUTOS = YES_AGGRESSIVE;
				GCC_WARN_UNUSED_FUNCTION = YES;
				GCC_WARN_UNUSED_VARIABLE = YES;
				IPHONEOS_DEPLOYMENT_TARGET = 14.5;
				MTL_ENABLE_DEBUG_INFO = INCLUDE_SOURCE;
				MTL_FAST_MATH = YES;
				ONLY_ACTIVE_ARCH = YES;
				SDKROOT = iphoneos;
				SWIFT_ACTIVE_COMPILATION_CONDITIONS = DEBUG;
				SWIFT_OPTIMIZATION_LEVEL = "-Onone";
			};
			name = Debug;
		};
		CAB6233F26EDA8C500E85106 /* Release */ = {
			isa = XCBuildConfiguration;
			buildSettings = {
				ALWAYS_SEARCH_USER_PATHS = NO;
				CLANG_ANALYZER_NONNULL = YES;
				CLANG_ANALYZER_NUMBER_OBJECT_CONVERSION = YES_AGGRESSIVE;
				CLANG_CXX_LANGUAGE_STANDARD = "gnu++14";
				CLANG_CXX_LIBRARY = "libc++";
				CLANG_ENABLE_MODULES = YES;
				CLANG_ENABLE_OBJC_ARC = YES;
				CLANG_ENABLE_OBJC_WEAK = YES;
				CLANG_WARN_BLOCK_CAPTURE_AUTORELEASING = YES;
				CLANG_WARN_BOOL_CONVERSION = YES;
				CLANG_WARN_COMMA = YES;
				CLANG_WARN_CONSTANT_CONVERSION = YES;
				CLANG_WARN_DEPRECATED_OBJC_IMPLEMENTATIONS = YES;
				CLANG_WARN_DIRECT_OBJC_ISA_USAGE = YES_ERROR;
				CLANG_WARN_DOCUMENTATION_COMMENTS = YES;
				CLANG_WARN_EMPTY_BODY = YES;
				CLANG_WARN_ENUM_CONVERSION = YES;
				CLANG_WARN_INFINITE_RECURSION = YES;
				CLANG_WARN_INT_CONVERSION = YES;
				CLANG_WARN_NON_LITERAL_NULL_CONVERSION = YES;
				CLANG_WARN_OBJC_IMPLICIT_RETAIN_SELF = YES;
				CLANG_WARN_OBJC_LITERAL_CONVERSION = YES;
				CLANG_WARN_OBJC_ROOT_CLASS = YES_ERROR;
				CLANG_WARN_QUOTED_INCLUDE_IN_FRAMEWORK_HEADER = YES;
				CLANG_WARN_RANGE_LOOP_ANALYSIS = YES;
				CLANG_WARN_STRICT_PROTOTYPES = YES;
				CLANG_WARN_SUSPICIOUS_MOVE = YES;
				CLANG_WARN_UNGUARDED_AVAILABILITY = YES_AGGRESSIVE;
				CLANG_WARN_UNREACHABLE_CODE = YES;
				CLANG_WARN__DUPLICATE_METHOD_MATCH = YES;
				COPY_PHASE_STRIP = NO;
				DEBUG_INFORMATION_FORMAT = "dwarf-with-dsym";
				ENABLE_NS_ASSERTIONS = NO;
				ENABLE_STRICT_OBJC_MSGSEND = YES;
				GCC_C_LANGUAGE_STANDARD = gnu11;
				GCC_NO_COMMON_BLOCKS = YES;
				GCC_WARN_64_TO_32_BIT_CONVERSION = YES;
				GCC_WARN_ABOUT_RETURN_TYPE = YES_ERROR;
				GCC_WARN_UNDECLARED_SELECTOR = YES;
				GCC_WARN_UNINITIALIZED_AUTOS = YES_AGGRESSIVE;
				GCC_WARN_UNUSED_FUNCTION = YES;
				GCC_WARN_UNUSED_VARIABLE = YES;
				IPHONEOS_DEPLOYMENT_TARGET = 14.5;
				MTL_ENABLE_DEBUG_INFO = NO;
				MTL_FAST_MATH = YES;
				SDKROOT = iphoneos;
				SWIFT_COMPILATION_MODE = wholemodule;
				SWIFT_OPTIMIZATION_LEVEL = "-O";
				VALIDATE_PRODUCT = YES;
			};
			name = Release;
		};
		CAB6234126EDA8C500E85106 /* Debug */ = {
			isa = XCBuildConfiguration;
			buildSettings = {
				ASSETCATALOG_COMPILER_APPICON_NAME = AppIcon;
				ASSETCATALOG_COMPILER_GLOBAL_ACCENT_COLOR_NAME = AccentColor;
				CODE_SIGN_STYLE = Automatic;
				DEVELOPMENT_ASSET_PATHS = "\"Elseweather/Preview Content\"";
				DEVELOPMENT_TEAM = 4NK62H99X6;
				ENABLE_PREVIEWS = YES;
				INFOPLIST_FILE = Elseweather/Resources/Info.plist;
				IPHONEOS_DEPLOYMENT_TARGET = 14.0;
				LD_RUNPATH_SEARCH_PATHS = (
					"$(inherited)",
					"@executable_path/Frameworks",
				);
				PRODUCT_BUNDLE_IDENTIFIER = jareksedy.Elseweather;
				PRODUCT_NAME = "$(TARGET_NAME)";
				SWIFT_VERSION = 5.0;
				TARGETED_DEVICE_FAMILY = "1,2";
			};
			name = Debug;
		};
		CAB6234226EDA8C500E85106 /* Release */ = {
			isa = XCBuildConfiguration;
			buildSettings = {
				ASSETCATALOG_COMPILER_APPICON_NAME = AppIcon;
				ASSETCATALOG_COMPILER_GLOBAL_ACCENT_COLOR_NAME = AccentColor;
				CODE_SIGN_STYLE = Automatic;
				DEVELOPMENT_ASSET_PATHS = "\"Elseweather/Preview Content\"";
				DEVELOPMENT_TEAM = 4NK62H99X6;
				ENABLE_PREVIEWS = YES;
				INFOPLIST_FILE = Elseweather/Resources/Info.plist;
				IPHONEOS_DEPLOYMENT_TARGET = 14.0;
				LD_RUNPATH_SEARCH_PATHS = (
					"$(inherited)",
					"@executable_path/Frameworks",
				);
				PRODUCT_BUNDLE_IDENTIFIER = jareksedy.Elseweather;
				PRODUCT_NAME = "$(TARGET_NAME)";
				SWIFT_VERSION = 5.0;
				TARGETED_DEVICE_FAMILY = "1,2";
			};
			name = Release;
		};
/* End XCBuildConfiguration section */

/* Begin XCConfigurationList section */
		CAB6232C26EDA8BE00E85106 /* Build configuration list for PBXProject "Elseweather" */ = {
			isa = XCConfigurationList;
			buildConfigurations = (
				CAB6233E26EDA8C500E85106 /* Debug */,
				CAB6233F26EDA8C500E85106 /* Release */,
			);
			defaultConfigurationIsVisible = 0;
			defaultConfigurationName = Release;
		};
		CAB6234026EDA8C500E85106 /* Build configuration list for PBXNativeTarget "Elseweather" */ = {
			isa = XCConfigurationList;
			buildConfigurations = (
				CAB6234126EDA8C500E85106 /* Debug */,
				CAB6234226EDA8C500E85106 /* Release */,
			);
			defaultConfigurationIsVisible = 0;
			defaultConfigurationName = Release;
		};
/* End XCConfigurationList section */
	};
	rootObject = CAB6232926EDA8BE00E85106 /* Project object */;
}
